// !$*UTF8*$!
{
	archiveVersion = 1;
	classes = {
	};
	objectVersion = 56;
	objects = {

/* Begin PBXBuildFile section */
		AA000000000000000000600 /* WindDownSofaApp.swift in Sources */ = {isa = PBXBuildFile; fileRef = AA000000000000000000100 /* WindDownSofaApp.swift */; };
		AA000000000000000000601 /* AppDelegate.swift in Sources */ = {isa = PBXBuildFile; fileRef = AA000000000000000000101 /* AppDelegate.swift */; };
		AA000000000000000000602 /* ContentView.swift in Sources */ = {isa = PBXBuildFile; fileRef = AA000000000000000000102 /* ContentView.swift */; };
		AA000000000000000000603 /* HomeView.swift in Sources */ = {isa = PBXBuildFile; fileRef = AA000000000000000000103 /* HomeView.swift */; };
		AA000000000000000000604 /* HomeViewModel.swift in Sources */ = {isa = PBXBuildFile; fileRef = AA000000000000000000104 /* HomeViewModel.swift */; };
		AA000000000000000000605 /* WindDownView.swift in Sources */ = {isa = PBXBuildFile; fileRef = AA000000000000000000105 /* WindDownView.swift */; };
		AA000000000000000000606 /* WindDownViewModel.swift in Sources */ = {isa = PBXBuildFile; fileRef = AA000000000000000000106 /* WindDownViewModel.swift */; };
		AA000000000000000000607 /* HistoryView.swift in Sources */ = {isa = PBXBuildFile; fileRef = AA000000000000000000107 /* HistoryView.swift */; };
		AA000000000000000000608 /* HistoryViewModel.swift in Sources */ = {isa = PBXBuildFile; fileRef = AA000000000000000000108 /* HistoryViewModel.swift */; };
		AA000000000000000000609 /* SettingsView.swift in Sources */ = {isa = PBXBuildFile; fileRef = AA000000000000000000109 /* SettingsView.swift */; };
		AA000000000000000000610 /* SettingsViewModel.swift in Sources */ = {isa = PBXBuildFile; fileRef = AA000000000000000000110 /* SettingsViewModel.swift */; };
		AA000000000000000000611 /* OnboardingView.swift in Sources */ = {isa = PBXBuildFile; fileRef = AA000000000000000000111 /* OnboardingView.swift */; };
		AA000000000000000000612 /* OnboardingViewModel.swift in Sources */ = {isa = PBXBuildFile; fileRef = AA000000000000000000112 /* OnboardingViewModel.swift */; };
		AA000000000000000000613 /* NotificationManager.swift in Sources */ = {isa = PBXBuildFile; fileRef = AA000000000000000000113 /* NotificationManager.swift */; };
		AA000000000000000000614 /* SleepLog.swift in Sources */ = {isa = PBXBuildFile; fileRef = AA000000000000000000114 /* SleepLog.swift */; };
		AA000000000000000000615 /* AppSettings.swift in Sources */ = {isa = PBXBuildFile; fileRef = AA000000000000000000115 /* AppSettings.swift */; };
		AA000000000000000000616 /* StorageManager.swift in Sources */ = {isa = PBXBuildFile; fileRef = AA000000000000000000116 /* StorageManager.swift */; };
		AA000000000000000000617 /* WindDownMethodProtocol.swift in Sources */ = {isa = PBXBuildFile; fileRef = AA000000000000000000117 /* WindDownMethodProtocol.swift */; };
		AA000000000000000000618 /* MethodRegistry.swift in Sources */ = {isa = PBXBuildFile; fileRef = AA000000000000000000118 /* MethodRegistry.swift */; };
		AA000000000000000000619 /* Breathing478View.swift in Sources */ = {isa = PBXBuildFile; fileRef = AA000000000000000000119 /* Breathing478View.swift */; };
		AA000000000000000000620 /* DailyReflectionView.swift in Sources */ = {isa = PBXBuildFile; fileRef = AA000000000000000000120 /* DailyReflectionView.swift */; };
		AA000000000000000000621 /* Theme.swift in Sources */ = {isa = PBXBuildFile; fileRef = AA000000000000000000121 /* Theme.swift */; };
		AA000000000000000000622 /* FoxMascotView.swift in Sources */ = {isa = PBXBuildFile; fileRef = AA000000000000000000122 /* FoxMascotView.swift */; };
		AA000000000000000000623 /* MethodCarouselView.swift in Sources */ = {isa = PBXBuildFile; fileRef = AA000000000000000000123 /* MethodCarouselView.swift */; };
		AA000000000000000000624 /* SleepTimeCardView.swift in Sources */ = {isa = PBXBuildFile; fileRef = AA000000000000000000124 /* SleepTimeCardView.swift */; };
		AA000000000000000000625 /* StreakCardView.swift in Sources */ = {isa = PBXBuildFile; fileRef = AA000000000000000000125 /* StreakCardView.swift */; };
		AA000000000000000000626 /* ReminderTimeCardView.swift in Sources */ = {isa = PBXBuildFile; fileRef = AA000000000000000000126 /* ReminderTimeCardView.swift */; };
/* End PBXBuildFile section */

/* Begin PBXFileReference section */
		AA000000000000000000014 /* WindDownSofa.app */ = {isa = PBXFileReference; explicitFileType = wrapper.application; includeInIndex = 0; path = WindDownSofa.app; sourceTree = BUILT_PRODUCTS_DIR; };
		AA000000000000000000100 /* WindDownSofaApp.swift */ = {isa = PBXFileReference; lastKnownFileType = sourcecode.swift; path = WindDownSofaApp.swift; sourceTree = "<group>"; };
		AA000000000000000000101 /* AppDelegate.swift */ = {isa = PBXFileReference; lastKnownFileType = sourcecode.swift; path = AppDelegate.swift; sourceTree = "<group>"; };
		AA000000000000000000102 /* ContentView.swift */ = {isa = PBXFileReference; lastKnownFileType = sourcecode.swift; path = ContentView.swift; sourceTree = "<group>"; };
		AA000000000000000000103 /* HomeView.swift */ = {isa = PBXFileReference; lastKnownFileType = sourcecode.swift; path = HomeView.swift; sourceTree = "<group>"; };
		AA000000000000000000104 /* HomeViewModel.swift */ = {isa = PBXFileReference; lastKnownFileType = sourcecode.swift; path = HomeViewModel.swift; sourceTree = "<group>"; };
		AA000000000000000000105 /* WindDownView.swift */ = {isa = PBXFileReference; lastKnownFileType = sourcecode.swift; path = WindDownView.swift; sourceTree = "<group>"; };
		AA000000000000000000106 /* WindDownViewModel.swift */ = {isa = PBXFileReference; lastKnownFileType = sourcecode.swift; path = WindDownViewModel.swift; sourceTree = "<group>"; };
		AA000000000000000000107 /* HistoryView.swift */ = {isa = PBXFileReference; lastKnownFileType = sourcecode.swift; path = HistoryView.swift; sourceTree = "<group>"; };
		AA000000000000000000108 /* HistoryViewModel.swift */ = {isa = PBXFileReference; lastKnownFileType = sourcecode.swift; path = HistoryViewModel.swift; sourceTree = "<group>"; };
		AA000000000000000000109 /* SettingsView.swift */ = {isa = PBXFileReference; lastKnownFileType = sourcecode.swift; path = SettingsView.swift; sourceTree = "<group>"; };
		AA000000000000000000110 /* SettingsViewModel.swift */ = {isa = PBXFileReference; lastKnownFileType = sourcecode.swift; path = SettingsViewModel.swift; sourceTree = "<group>"; };
		AA000000000000000000111 /* OnboardingView.swift */ = {isa = PBXFileReference; lastKnownFileType = sourcecode.swift; path = OnboardingView.swift; sourceTree = "<group>"; };
		AA000000000000000000112 /* OnboardingViewModel.swift */ = {isa = PBXFileReference; lastKnownFileType = sourcecode.swift; path = OnboardingViewModel.swift; sourceTree = "<group>"; };
		AA000000000000000000113 /* NotificationManager.swift */ = {isa = PBXFileReference; lastKnownFileType = sourcecode.swift; path = NotificationManager.swift; sourceTree = "<group>"; };
		AA000000000000000000114 /* SleepLog.swift */ = {isa = PBXFileReference; lastKnownFileType = sourcecode.swift; path = SleepLog.swift; sourceTree = "<group>"; };
		AA000000000000000000115 /* AppSettings.swift */ = {isa = PBXFileReference; lastKnownFileType = sourcecode.swift; path = AppSettings.swift; sourceTree = "<group>"; };
		AA000000000000000000116 /* StorageManager.swift */ = {isa = PBXFileReference; lastKnownFileType = sourcecode.swift; path = StorageManager.swift; sourceTree = "<group>"; };
		AA000000000000000000117 /* WindDownMethodProtocol.swift */ = {isa = PBXFileReference; lastKnownFileType = sourcecode.swift; path = WindDownMethodProtocol.swift; sourceTree = "<group>"; };
		AA000000000000000000118 /* MethodRegistry.swift */ = {isa = PBXFileReference; lastKnownFileType = sourcecode.swift; path = MethodRegistry.swift; sourceTree = "<group>"; };
		AA000000000000000000119 /* Breathing478View.swift */ = {isa = PBXFileReference; lastKnownFileType = sourcecode.swift; path = Breathing478View.swift; sourceTree = "<group>"; };
		AA000000000000000000120 /* DailyReflectionView.swift */ = {isa = PBXFileReference; lastKnownFileType = sourcecode.swift; path = DailyReflectionView.swift; sourceTree = "<group>"; };
		AA000000000000000000121 /* Theme.swift */ = {isa = PBXFileReference; lastKnownFileType = sourcecode.swift; path = Theme.swift; sourceTree = "<group>"; };
		AA000000000000000000122 /* FoxMascotView.swift */ = {isa = PBXFileReference; lastKnownFileType = sourcecode.swift; path = FoxMascotView.swift; sourceTree = "<group>"; };
		AA000000000000000000123 /* MethodCarouselView.swift */ = {isa = PBXFileReference; lastKnownFileType = sourcecode.swift; path = MethodCarouselView.swift; sourceTree = "<group>"; };
		AA000000000000000000124 /* SleepTimeCardView.swift */ = {isa = PBXFileReference; lastKnownFileType = sourcecode.swift; path = SleepTimeCardView.swift; sourceTree = "<group>"; };
		AA000000000000000000125 /* StreakCardView.swift */ = {isa = PBXFileReference; lastKnownFileType = sourcecode.swift; path = StreakCardView.swift; sourceTree = "<group>"; };
		AA000000000000000000126 /* ReminderTimeCardView.swift */ = {isa = PBXFileReference; lastKnownFileType = sourcecode.swift; path = ReminderTimeCardView.swift; sourceTree = "<group>"; };
		AA000000000000000000127 /* Info.plist */ = {isa = PBXFileReference; lastKnownFileType = text.plist.xml; path = Info.plist; sourceTree = "<group>"; };
		AA000000000000000000128 /* WindDownSofa.entitlements */ = {isa = PBXFileReference; lastKnownFileType = text.plist.entitlements; path = WindDownSofa.entitlements; sourceTree = "<group>"; };
/* End PBXFileReference section */

/* Begin PBXFrameworksBuildPhase section */
		AA000000000000000000006 /* Frameworks */ = {
			isa = PBXFrameworksBuildPhase;
			buildActionMask = 2147483647;
			files = (
			);
			runOnlyForDeploymentPostprocessing = 0;
		};
/* End PBXFrameworksBuildPhase section */

/* Begin PBXGroup section */

		AA000000000000000000004 /* WindDownSofa */ = {
			isa = PBXGroup;
			children = (
				AA000000000000000000020,
				AA000000000000000000003,
			);
			name = WindDownSofa;
			sourceTree = "<group>";
		};

		AA000000000000000000003 /* Products */ = {
			isa = PBXGroup;
			children = (
				AA000000000000000000014,
			);
			name = Products;
			sourceTree = "<group>";
		};

		AA000000000000000000020 /* WindDownSofa */ = {
			isa = PBXGroup;
			children = (
				AA000000000000000000021,
				AA000000000000000000022,
				AA000000000000000000028,
				AA000000000000000000032,
				AA000000000000000000034,
			);
			path = WindDownSofa;
			sourceTree = "<group>";
		};

		AA000000000000000000021 /* App */ = {
			isa = PBXGroup;
			children = (
				AA000000000000000000100,
				AA000000000000000000101,
				AA000000000000000000102,
			);
			path = App;
			sourceTree = "<group>";
		};

		AA000000000000000000022 /* Features */ = {
			isa = PBXGroup;
			children = (
				AA000000000000000000023,
				AA000000000000000000024,
				AA000000000000000000025,
				AA000000000000000000026,
				AA000000000000000000027,
			);
			path = Features;
			sourceTree = "<group>";
		};

		AA000000000000000000023 /* Home */ = {
			isa = PBXGroup;
			children = (
				AA000000000000000000103,
				AA000000000000000000104,
			);
			path = Home;
			sourceTree = "<group>";
		};

		AA000000000000000000024 /* WindDown */ = {
			isa = PBXGroup;
			children = (
				AA000000000000000000105,
				AA000000000000000000106,
			);
			path = WindDown;
			sourceTree = "<group>";
		};

		AA000000000000000000025 /* History */ = {
			isa = PBXGroup;
			children = (
				AA000000000000000000107,
				AA000000000000000000108,
			);
			path = History;
			sourceTree = "<group>";
		};

		AA000000000000000000026 /* Settings */ = {
			isa = PBXGroup;
			children = (
				AA000000000000000000109,
				AA000000000000000000110,
			);
			path = Settings;
			sourceTree = "<group>";
		};

		AA000000000000000000027 /* Onboarding */ = {
			isa = PBXGroup;
			children = (
				AA000000000000000000111,
				AA000000000000000000112,
			);
			path = Onboarding;
			sourceTree = "<group>";
		};

		AA000000000000000000028 /* Core */ = {
			isa = PBXGroup;
			children = (
				AA000000000000000000029,
				AA000000000000000000030,
				AA000000000000000000031,
			);
			path = Core;
			sourceTree = "<group>";
		};

		AA000000000000000000029 /* Notification */ = {
			isa = PBXGroup;
			children = (
				AA000000000000000000113,
			);
			path = Notification;
			sourceTree = "<group>";
		};

		AA000000000000000000030 /* Storage */ = {
			isa = PBXGroup;
			children = (
				AA000000000000000000114,
				AA000000000000000000115,
				AA000000000000000000116,
			);
			path = Storage;
			sourceTree = "<group>";
		};

		AA000000000000000000031 /* Methods */ = {
			isa = PBXGroup;
			children = (
				AA000000000000000000117,
				AA000000000000000000118,
				AA000000000000000000119,
				AA000000000000000000120,
			);
			path = Methods;
			sourceTree = "<group>";
		};

		AA000000000000000000032 /* UI */ = {
			isa = PBXGroup;
			children = (
				AA000000000000000000121,
				AA000000000000000000033,
			);
			path = UI;
			sourceTree = "<group>";
		};

		AA000000000000000000033 /* Components */ = {
			isa = PBXGroup;
			children = (
				AA000000000000000000122,
				AA000000000000000000123,
				AA000000000000000000124,
				AA000000000000000000125,
				AA000000000000000000126,
			);
			path = Components;
			sourceTree = "<group>";
		};

		AA000000000000000000034 /* Resources */ = {
			isa = PBXGroup;
			children = (
				AA000000000000000000127,
				AA000000000000000000128,
			);
			path = Resources;
			sourceTree = "<group>";
		};
/* End PBXGroup section */

/* Begin PBXNativeTarget section */
		AA000000000000000000002 /* WindDownSofa */ = {
			isa = PBXNativeTarget;
			buildConfigurationList = AA000000000000000000013 /* Build configuration list for PBXNativeTarget "WindDownSofa" */;
			buildPhases = (
				AA000000000000000000005 /* Sources */,
				AA000000000000000000006 /* Frameworks */,
				AA000000000000000000007 /* Resources */,
			);
			buildRules = (
			);
			dependencies = (
			);
			name = WindDownSofa;
			packageProductDependencies = (
			);
			productName = WindDownSofa;
			productReference = AA000000000000000000014 /* WindDownSofa.app */;
			productType = "com.apple.product-type.application";
		};
/* End PBXNativeTarget section */

/* Begin PBXProject section */
		AA000000000000000000001 /* Project object */ = {
			isa = PBXProject;
			attributes = {
				BuildIndependentTargetsInParallel = 1;
				LastSwiftUpdateCheck = 1500;
				LastUpgradeCheck = 1500;
				TargetAttributes = {
					AA000000000000000000002 = {
						CreatedOnToolsVersion = 15.0;
					};
				};
			};
			buildConfigurationList = AA000000000000000000012 /* Build configuration list for PBXProject "WindDownSofa" */;
			compatibilityVersion = "Xcode 14.0";
			developmentRegion = zh_TW;
			hasScannedForEncodings = 0;
			knownRegions = (
				en,
				Base,
				zh_TW,
			);
			mainGroup = AA000000000000000000004;
			productRefGroup = AA000000000000000000003 /* Products */;
			projectDirPath = "";
			projectRoot = "";
			targets = (
				AA000000000000000000002 /* WindDownSofa */,
			);
		};
/* End PBXProject section */

/* Begin PBXResourcesBuildPhase section */
		AA000000000000000000007 /* Resources */ = {
			isa = PBXResourcesBuildPhase;
			buildActionMask = 2147483647;
			files = (
			);
			runOnlyForDeploymentPostprocessing = 0;
		};
/* End PBXResourcesBuildPhase section */

/* Begin PBXSourcesBuildPhase section */
		AA000000000000000000005 /* Sources */ = {
			isa = PBXSourcesBuildPhase;
			buildActionMask = 2147483647;
			files = (
				AA000000000000000000600 /* WindDownSofaApp.swift in Sources */,
				AA000000000000000000601 /* AppDelegate.swift in Sources */,
				AA000000000000000000602 /* ContentView.swift in Sources */,
				AA000000000000000000603 /* HomeView.swift in Sources */,
				AA000000000000000000604 /* HomeViewModel.swift in Sources */,
				AA000000000000000000605 /* WindDownView.swift in Sources */,
				AA000000000000000000606 /* WindDownViewModel.swift in Sources */,
				AA000000000000000000607 /* HistoryView.swift in Sources */,
				AA000000000000000000608 /* HistoryViewModel.swift in Sources */,
				AA000000000000000000609 /* SettingsView.swift in Sources */,
				AA000000000000000000610 /* SettingsViewModel.swift in Sources */,
				AA000000000000000000611 /* OnboardingView.swift in Sources */,
				AA000000000000000000612 /* OnboardingViewModel.swift in Sources */,
				AA000000000000000000613 /* NotificationManager.swift in Sources */,
				AA000000000000000000614 /* SleepLog.swift in Sources */,
				AA000000000000000000615 /* AppSettings.swift in Sources */,
				AA000000000000000000616 /* StorageManager.swift in Sources */,
				AA000000000000000000617 /* WindDownMethodProtocol.swift in Sources */,
				AA000000000000000000618 /* MethodRegistry.swift in Sources */,
				AA000000000000000000619 /* Breathing478View.swift in Sources */,
				AA000000000000000000620 /* DailyReflectionView.swift in Sources */,
				AA000000000000000000621 /* Theme.swift in Sources */,
				AA000000000000000000622 /* FoxMascotView.swift in Sources */,
				AA000000000000000000623 /* MethodCarouselView.swift in Sources */,
				AA000000000000000000624 /* SleepTimeCardView.swift in Sources */,
				AA000000000000000000625 /* StreakCardView.swift in Sources */,
				AA000000000000000000626 /* ReminderTimeCardView.swift in Sources */,
			);
			runOnlyForDeploymentPostprocessing = 0;
		};
/* End PBXSourcesBuildPhase section */

/* Begin XCBuildConfiguration section */
		AA000000000000000000008 /* Debug */ = {
			isa = XCBuildConfiguration;
			buildSettings = {
				ALWAYS_SEARCH_USER_PATHS = NO;
				ASSET_CATALOG_COMPILER_OPTIMIZATION = time;
				CLANG_ANALYZER_NONNULL = YES;
				CLANG_ANALYZER_NUMBER_OBJECT_CONVERSION = YES_AGGRESSIVE;
				CLANG_CXX_LANGUAGE_STANDARD = "gnu++20";
				CLANG_ENABLE_MODULES = YES;
				CLANG_ENABLE_OBJC_ARC = YES;
				CLANG_ENABLE_OBJC_WEAK = YES;
				COPY_PHASE_STRIP = NO;
				DEBUG_INFORMATION_FORMAT = dwarf;
				ENABLE_STRICT_OBJC_MSGSEND = YES;
				ENABLE_TESTABILITY = YES;
				GCC_C_LANGUAGE_STANDARD = gnu11;
				GCC_DYNAMIC_NO_PIC = NO;
				GCC_NO_COMMON_BLOCKS = YES;
				GCC_OPTIMIZATION_LEVEL = 0;
				GCC_PREPROCESSOR_DEFINITIONS = (
					"DEBUG=1",
					"$(inherited)",
				);
				MTL_ENABLE_DEBUG_INFO = INCLUDE_SOURCE;
				MTL_FAST_MATH = YES;
				ONLY_ACTIVE_ARCH = YES;
				SDKROOT = iphoneos;
				SWIFT_ACTIVE_COMPILATION_CONDITIONS = DEBUG;
				SWIFT_OPTIMIZATION_LEVEL = "-Onone";
			};
			name = Debug;
		};
		AA000000000000000000009 /* Release */ = {
			isa = XCBuildConfiguration;
			buildSettings = {
				ALWAYS_SEARCH_USER_PATHS = NO;
				CLANG_ANALYZER_NONNULL = YES;
				CLANG_CXX_LANGUAGE_STANDARD = "gnu++20";
				CLANG_ENABLE_MODULES = YES;
				CLANG_ENABLE_OBJC_ARC = YES;
				CLANG_ENABLE_OBJC_WEAK = YES;
				COPY_PHASE_STRIP = NO;
				DEBUG_INFORMATION_FORMAT = "dwarf-with-dsym";
				ENABLE_NS_ASSERTIONS = NO;
				ENABLE_STRICT_OBJC_MSGSEND = YES;
				GCC_C_LANGUAGE_STANDARD = gnu11;
				GCC_NO_COMMON_BLOCKS = YES;
				MTL_ENABLE_DEBUG_INFO = NO;
				MTL_FAST_MATH = YES;
				SDKROOT = iphoneos;
				SWIFT_COMPILATION_MODE = wholemodule;
				SWIFT_OPTIMIZATION_LEVEL = "-O";
				VALIDATE_PRODUCT = YES;
			};
			name = Release;
		};
		AA000000000000000000010 /* Debug */ = {
			isa = XCBuildConfiguration;
			buildSettings = {
				ASSET_CATALOG_COMPILER_OPTIMIZATION = time;
				CODE_SIGN_ENTITLEMENTS = "WindDownSofa/Resources/WindDownSofa.entitlements";
				CODE_SIGN_STYLE = Automatic;
				CURRENT_PROJECT_VERSION = 1;
				DEVELOPMENT_ASSET_PATHS = "";
				DEVELOPMENT_TEAM = "";
				ENABLE_PREVIEWS = YES;
				GENERATE_INFOPLIST_FILE = NO;
				INFOPLIST_FILE = "WindDownSofa/Resources/Info.plist";
				IPHONEOS_DEPLOYMENT_TARGET = 16.0;
				LE_SWIFT_VERSION = 5.0;
				MARKETING_VERSION = 1.0;
				PRODUCT_BUNDLE_IDENTIFIER = "com.yourname.WindDownSofa";
				PRODUCT_NAME = "$(TARGET_NAME)";
				SWIFT_EMIT_LOC_STRINGS = YES;
				SWIFT_VERSION = 5.0;
				TARGETED_DEVICE_FAMILY = "1,2";
			};
			name = Debug;
		};
		AA000000000000000000011 /* Release */ = {
			isa = XCBuildConfiguration;
			buildSettings = {
				ASSET_CATALOG_COMPILER_OPTIMIZATION = time;
				CODE_SIGN_ENTITLEMENTS = "WindDownSofa/Resources/WindDownSofa.entitlements";
				CODE_SIGN_STYLE = Automatic;
				CURRENT_PROJECT_VERSION = 1;
				DEVELOPMENT_ASSET_PATHS = "";
				DEVELOPMENT_TEAM = "";
				ENABLE_PREVIEWS = YES;
				GENERATE_INFOPLIST_FILE = NO;
				INFOPLIST_FILE = "WindDownSofa/Resources/Info.plist";
				IPHONEOS_DEPLOYMENT_TARGET = 16.0;
				LE_SWIFT_VERSION = 5.0;
				MARKETING_VERSION = 1.0;
				PRODUCT_BUNDLE_IDENTIFIER = "com.yourname.WindDownSofa";
				PRODUCT_NAME = "$(TARGET_NAME)";
				SWIFT_EMIT_LOC_STRINGS = YES;
				SWIFT_VERSION = 5.0;
				TARGETED_DEVICE_FAMILY = "1,2";
			};
			name = Release;
		};
/* End XCBuildConfiguration section */

/* Begin XCConfigurationList section */
		AA000000000000000000012 /* Build configuration list for PBXProject "WindDownSofa" */ = {
			isa = XCConfigurationList;
			buildConfigurations = (
				AA000000000000000000008 /* Debug */,
				AA000000000000000000009 /* Release */,
			);
			defaultConfigurationIsVisible = 0;
			defaultConfigurationName = Release;
		};
		AA000000000000000000013 /* Build configuration list for PBXNativeTarget "WindDownSofa" */ = {
			isa = XCConfigurationList;
			buildConfigurations = (
				AA000000000000000000010 /* Debug */,
				AA000000000000000000011 /* Release */,
			);
			defaultConfigurationIsVisible = 0;
			defaultConfigurationName = Release;
		};
/* End XCConfigurationList section */

	};
	rootObject = AA000000000000000000001 /* Project object */;
}
